
Microsoft Visual Studio Solution File, Format Version 12.00
# Visual Studio Version 17
VisualStudioVersion = 17.11.35222.181
MinimumVisualStudioVersion = 10.0.40219.1
Project("{FAE04EC0-301F-11D3-BF4B-00C04F79EFBC}") = "AAU BE", "AAU BE.csproj", "{9C9A216E-E027-4B8E-B0A6-C48B95FEC567}"
EndProject
Global
	GlobalSection(SolutionConfigurationPlatforms) = preSolution
		Debug|Any CPU = Debug|Any CPU
		Release|Any CPU = Release|Any CPU
	EndGlobalSection
	GlobalSection(ProjectConfigurationPlatforms) = postSolution
		{9C9A216E-E027-4B8E-B0A6-C48B95FEC567}.Debug|Any CPU.ActiveCfg = Debug|Any CPU
		{9C9A216E-E027-4B8E-B0A6-C48B95FEC567}.Debug|Any CPU.Build.0 = Debug|Any CPU
		{9C9A216E-E027-4B8E-B0A6-C48B95FEC567}.Release|Any CPU.ActiveCfg = Release|Any CPU
		{9C9A216E-E027-4B8E-B0A6-C48B95FEC567}.Release|Any CPU.Build.0 = Release|Any CPU
	EndGlobalSection
	GlobalSection(SolutionProperties) = preSolution
		HideSolutionNode = FALSE
	EndGlobalSection
	GlobalSection(ExtensibilityGlobals) = postSolution
		SolutionGuid = {764265A5-D0A4-472A-B2B9-9B3A4FD357C5}
	EndGlobalSection
EndGlobal
