
Microsoft Visual Studio Solution File, Format Version 12.00
# Visual Studio Version 17
VisualStudioVersion = 17.11.35222.181
MinimumVisualStudioVersion = 10.0.40219.1
Project("{FAE04EC0-301F-11D3-BF4B-00C04F79EFBC}") = "AAU", "AAU\AAU.csproj", "{42E17749-20CC-4639-9A50-7DC64A75E1C4}"
EndProject
Global
	GlobalSection(SolutionConfigurationPlatforms) = preSolution
		Debug|Any CPU = Debug|Any CPU
		Release|Any CPU = Release|Any CPU
	EndGlobalSection
	GlobalSection(ProjectConfigurationPlatforms) = postSolution
		{42E17749-20CC-4639-9A50-7DC64A75E1C4}.Debug|Any CPU.ActiveCfg = Debug|Any CPU
		{42E17749-20CC-4639-9A50-7DC64A75E1C4}.Debug|Any CPU.Build.0 = Debug|Any CPU
		{42E17749-20CC-4639-9A50-7DC64A75E1C4}.Release|Any CPU.ActiveCfg = Release|Any CPU
		{42E17749-20CC-4639-9A50-7DC64A75E1C4}.Release|Any CPU.Build.0 = Release|Any CPU
	EndGlobalSection
	GlobalSection(SolutionProperties) = preSolution
		HideSolutionNode = FALSE
	EndGlobalSection
	GlobalSection(ExtensibilityGlobals) = postSolution
		SolutionGuid = {39A1F813-6E09-4940-9413-0D92D366891C}
	EndGlobalSection
EndGlobal
